
Microsoft Visual Studio Solution File, Format Version 12.00
# Visual Studio Version 17
VisualStudioVersion = 17.2.32630.192
MinimumVisualStudioVersion = 10.0.40219.1
Project("{FAE04EC0-301F-11D3-BF4B-00C04F79EFBC}") = "SistemArchivos API", "SistemArchivos API\SistemArchivos API.csproj", "{08DC2C1C-F848-400F-A712-8D823C6D9E1C}"
EndProject
Global
	GlobalSection(SolutionConfigurationPlatforms) = preSolution
		Debug|Any CPU = Debug|Any CPU
		Release|Any CPU = Release|Any CPU
	EndGlobalSection
	GlobalSection(ProjectConfigurationPlatforms) = postSolution
		{08DC2C1C-F848-400F-A712-8D823C6D9E1C}.Debug|Any CPU.ActiveCfg = Debug|Any CPU
		{08DC2C1C-F848-400F-A712-8D823C6D9E1C}.Debug|Any CPU.Build.0 = Debug|Any CPU
		{08DC2C1C-F848-400F-A712-8D823C6D9E1C}.Release|Any CPU.ActiveCfg = Release|Any CPU
		{08DC2C1C-F848-400F-A712-8D823C6D9E1C}.Release|Any CPU.Build.0 = Release|Any CPU
	EndGlobalSection
	GlobalSection(SolutionProperties) = preSolution
		HideSolutionNode = FALSE
	EndGlobalSection
	GlobalSection(ExtensibilityGlobals) = postSolution
		SolutionGuid = {AF76D730-1AF3-4B64-A012-8A47EA46B5B6}
	EndGlobalSection
EndGlobal
